// !$*UTF8*$!
{
	archiveVersion = 1;
	classes = {
	};
	objectVersion = 50;
	objects = {

/* Begin PBXBuildFile section */
		A473C52E262EAE180030FB16 /* AppDelegate.swift in Sources */ = {isa = PBXBuildFile; fileRef = A473C52D262EAE180030FB16 /* AppDelegate.swift */; };
		A473C530262EAE180030FB16 /* SceneDelegate.swift in Sources */ = {isa = PBXBuildFile; fileRef = A473C52F262EAE180030FB16 /* SceneDelegate.swift */; };
		A473C532262EAE180030FB16 /* ContentView.swift in Sources */ = {isa = PBXBuildFile; fileRef = A473C531262EAE180030FB16 /* ContentView.swift */; };
		A473C534262EAE1B0030FB16 /* Assets.xcassets in Resources */ = {isa = PBXBuildFile; fileRef = A473C533262EAE1B0030FB16 /* Assets.xcassets */; };
		A473C537262EAE1B0030FB16 /* Preview Assets.xcassets in Resources */ = {isa = PBXBuildFile; fileRef = A473C536262EAE1B0030FB16 /* Preview Assets.xcassets */; };
		A473C53A262EAE1B0030FB16 /* LaunchScreen.storyboard in Resources */ = {isa = PBXBuildFile; fileRef = A473C538262EAE1B0030FB16 /* LaunchScreen.storyboard */; };
		A473C543262EAEC50030FB16 /* SettingViews.swift in Sources */ = {isa = PBXBuildFile; fileRef = A473C542262EAEC50030FB16 /* SettingViews.swift */; };
/* End PBXBuildFile section */

/* Begin PBXFileReference section */
		A473C52A262EAE180030FB16 /* yutubba.app */ = {isa = PBXFileReference; explicitFileType = wrapper.application; includeInIndex = 0; path = yutubba.app; sourceTree = BUILT_PRODUCTS_DIR; };
		A473C52D262EAE180030FB16 /* AppDelegate.swift */ = {isa = PBXFileReference; lastKnownFileType = sourcecode.swift; path = AppDelegate.swift; sourceTree = "<group>"; };
		A473C52F262EAE180030FB16 /* SceneDelegate.swift */ = {isa = PBXFileReference; lastKnownFileType = sourcecode.swift; path = SceneDelegate.swift; sourceTree = "<group>"; };
		A473C531262EAE180030FB16 /* ContentView.swift */ = {isa = PBXFileReference; lastKnownFileType = sourcecode.swift; path = ContentView.swift; sourceTree = "<group>"; };
		A473C533262EAE1B0030FB16 /* Assets.xcassets */ = {isa = PBXFileReference; lastKnownFileType = folder.assetcatalog; path = Assets.xcassets; sourceTree = "<group>"; };
		A473C536262EAE1B0030FB16 /* Preview Assets.xcassets */ = {isa = PBXFileReference; lastKnownFileType = folder.assetcatalog; path = "Preview Assets.xcassets"; sourceTree = "<group>"; };
		A473C539262EAE1B0030FB16 /* Base */ = {isa = PBXFileReference; lastKnownFileType = file.storyboard; name = Base; path = Base.lproj/LaunchScreen.storyboard; sourceTree = "<group>"; };
		A473C53B262EAE1B0030FB16 /* Info.plist */ = {isa = PBXFileReference; lastKnownFileType = text.plist.xml; path = Info.plist; sourceTree = "<group>"; };
		A473C542262EAEC50030FB16 /* SettingViews.swift */ = {isa = PBXFileReference; lastKnownFileType = sourcecode.swift; path = SettingViews.swift; sourceTree = "<group>"; };
/* End PBXFileReference section */

/* Begin PBXFrameworksBuildPhase section */
		A473C527262EAE180030FB16 /* Frameworks */ = {
			isa = PBXFrameworksBuildPhase;
			buildActionMask = 2147483647;
			files = (
			);
			runOnlyForDeploymentPostprocessing = 0;
		};
/* End PBXFrameworksBuildPhase section */

/* Begin PBXGroup section */
		A473C521262EAE180030FB16 = {
			isa = PBXGroup;
			children = (
				A473C52C262EAE180030FB16 /* yutubba */,
				A473C52B262EAE180030FB16 /* Products */,
			);
			sourceTree = "<group>";
		};
		A473C52B262EAE180030FB16 /* Products */ = {
			isa = PBXGroup;
			children = (
				A473C52A262EAE180030FB16 /* yutubba.app */,
			);
			name = Products;
			sourceTree = "<group>";
		};
		A473C52C262EAE180030FB16 /* yutubba */ = {
			isa = PBXGroup;
			children = (
				A473C52D262EAE180030FB16 /* AppDelegate.swift */,
				A473C52F262EAE180030FB16 /* SceneDelegate.swift */,
				A473C531262EAE180030FB16 /* ContentView.swift */,
				A473C533262EAE1B0030FB16 /* Assets.xcassets */,
				A473C538262EAE1B0030FB16 /* LaunchScreen.storyboard */,
				A473C53B262EAE1B0030FB16 /* Info.plist */,
				A473C542262EAEC50030FB16 /* SettingViews.swift */,
				A473C535262EAE1B0030FB16 /* Preview Content */,
			);
			path = yutubba;
			sourceTree = "<group>";
		};
		A473C535262EAE1B0030FB16 /* Preview Content */ = {
			isa = PBXGroup;
			children = (
				A473C536262EAE1B0030FB16 /* Preview Assets.xcassets */,
			);
			path = "Preview Content";
			sourceTree = "<group>";
		};
/* End PBXGroup section */

/* Begin PBXNativeTarget section */
		A473C529262EAE180030FB16 /* yutubba */ = {
			isa = PBXNativeTarget;
			buildConfigurationList = A473C53E262EAE1B0030FB16 /* Build configuration list for PBXNativeTarget "yutubba" */;
			buildPhases = (
				A473C526262EAE180030FB16 /* Sources */,
				A473C527262EAE180030FB16 /* Frameworks */,
				A473C528262EAE180030FB16 /* Resources */,
			);
			buildRules = (
			);
			dependencies = (
			);
			name = yutubba;
			productName = yutubba;
			productReference = A473C52A262EAE180030FB16 /* yutubba.app */;
			productType = "com.apple.product-type.application";
		};
/* End PBXNativeTarget section */

/* Begin PBXProject section */
		A473C522262EAE180030FB16 /* Project object */ = {
			isa = PBXProject;
			attributes = {
				LastSwiftUpdateCheck = 1210;
				LastUpgradeCheck = 1210;
				TargetAttributes = {
					A473C529262EAE180030FB16 = {
						CreatedOnToolsVersion = 12.1;
					};
				};
			};
			buildConfigurationList = A473C525262EAE180030FB16 /* Build configuration list for PBXProject "yutubba" */;
			compatibilityVersion = "Xcode 9.3";
			developmentRegion = en;
			hasScannedForEncodings = 0;
			knownRegions = (
				en,
				Base,
			);
			mainGroup = A473C521262EAE180030FB16;
			productRefGroup = A473C52B262EAE180030FB16 /* Products */;
			projectDirPath = "";
			projectRoot = "";
			targets = (
				A473C529262EAE180030FB16 /* yutubba */,
			);
		};
/* End PBXProject section */

/* Begin PBXResourcesBuildPhase section */
		A473C528262EAE180030FB16 /* Resources */ = {
			isa = PBXResourcesBuildPhase;
			buildActionMask = 2147483647;
			files = (
				A473C53A262EAE1B0030FB16 /* LaunchScreen.storyboard in Resources */,
				A473C537262EAE1B0030FB16 /* Preview Assets.xcassets in Resources */,
				A473C534262EAE1B0030FB16 /* Assets.xcassets in Resources */,
			);
			runOnlyForDeploymentPostprocessing = 0;
		};
/* End PBXResourcesBuildPhase section */

/* Begin PBXSourcesBuildPhase section */
		A473C526262EAE180030FB16 /* Sources */ = {
			isa = PBXSourcesBuildPhase;
			buildActionMask = 2147483647;
			files = (
				A473C52E262EAE180030FB16 /* AppDelegate.swift in Sources */,
				A473C543262EAEC50030FB16 /* SettingViews.swift in Sources */,
				A473C530262EAE180030FB16 /* SceneDelegate.swift in Sources */,
				A473C532262EAE180030FB16 /* ContentView.swift in Sources */,
			);
			runOnlyForDeploymentPostprocessing = 0;
		};
/* End PBXSourcesBuildPhase section */

/* Begin PBXVariantGroup section */
		A473C538262EAE1B0030FB16 /* LaunchScreen.storyboard */ = {
			isa = PBXVariantGroup;
			children = (
				A473C539262EAE1B0030FB16 /* Base */,
			);
			name = LaunchScreen.storyboard;
			sourceTree = "<group>";
		};
/* End PBXVariantGroup section */

/* Begin XCBuildConfiguration section */
		A473C53C262EAE1B0030FB16 /* Debug */ = {
			isa = XCBuildConfiguration;
			buildSettings = {
				ALWAYS_SEARCH_USER_PATHS = NO;
				CLANG_ANALYZER_NONNULL = YES;
				CLANG_ANALYZER_NUMBER_OBJECT_CONVERSION = YES_AGGRESSIVE;
				CLANG_CXX_LANGUAGE_STANDARD = "gnu++14";
				CLANG_CXX_LIBRARY = "libc++";
				CLANG_ENABLE_MODULES = YES;
				CLANG_ENABLE_OBJC_ARC = YES;
				CLANG_ENABLE_OBJC_WEAK = YES;
				CLANG_WARN_BLOCK_CAPTURE_AUTORELEASING = YES;
				CLANG_WARN_BOOL_CONVERSION = YES;
				CLANG_WARN_COMMA = YES;
				CLANG_WARN_CONSTANT_CONVERSION = YES;
				CLANG_WARN_DEPRECATED_OBJC_IMPLEMENTATIONS = YES;
				CLANG_WARN_DIRECT_OBJC_ISA_USAGE = YES_ERROR;
				CLANG_WARN_DOCUMENTATION_COMMENTS = YES;
				CLANG_WARN_EMPTY_BODY = YES;
				CLANG_WARN_ENUM_CONVERSION = YES;
				CLANG_WARN_INFINITE_RECURSION = YES;
				CLANG_WARN_INT_CONVERSION = YES;
				CLANG_WARN_NON_LITERAL_NULL_CONVERSION = YES;
				CLANG_WARN_OBJC_IMPLICIT_RETAIN_SELF = YES;
				CLANG_WARN_OBJC_LITERAL_CONVERSION = YES;
				CLANG_WARN_OBJC_ROOT_CLASS = YES_ERROR;
				CLANG_WARN_QUOTED_INCLUDE_IN_FRAMEWORK_HEADER = YES;
				CLANG_WARN_RANGE_LOOP_ANALYSIS = YES;
				CLANG_WARN_STRICT_PROTOTYPES = YES;
				CLANG_WARN_SUSPICIOUS_MOVE = YES;
				CLANG_WARN_UNGUARDED_AVAILABILITY = YES_AGGRESSIVE;
				CLANG_WARN_UNREACHABLE_CODE = YES;
				CLANG_WARN__DUPLICATE_METHOD_MATCH = YES;
				COPY_PHASE_STRIP = NO;
				DEBUG_INFORMATION_FORMAT = dwarf;
				ENABLE_STRICT_OBJC_MSGSEND = YES;
				ENABLE_TESTABILITY = YES;
				GCC_C_LANGUAGE_STANDARD = gnu11;
				GCC_DYNAMIC_NO_PIC = NO;
				GCC_NO_COMMON_BLOCKS = YES;
				GCC_OPTIMIZATION_LEVEL = 0;
				GCC_PREPROCESSOR_DEFINITIONS = (
					"DEBUG=1",
					"$(inherited)",
				);
				GCC_WARN_64_TO_32_BIT_CONVERSION = YES;
				GCC_WARN_ABOUT_RETURN_TYPE = YES_ERROR;
				GCC_WARN_UNDECLARED_SELECTOR = YES;
				GCC_WARN_UNINITIALIZED_AUTOS = YES_AGGRESSIVE;
				GCC_WARN_UNUSED_FUNCTION = YES;
				GCC_WARN_UNUSED_VARIABLE = YES;
				IPHONEOS_DEPLOYMENT_TARGET = 14.1;
				MTL_ENABLE_DEBUG_INFO = INCLUDE_SOURCE;
				MTL_FAST_MATH = YES;
				ONLY_ACTIVE_ARCH = YES;
				SDKROOT = iphoneos;
				SWIFT_ACTIVE_COMPILATION_CONDITIONS = DEBUG;
				SWIFT_OPTIMIZATION_LEVEL = "-Onone";
			};
			name = Debug;
		};
		A473C53D262EAE1B0030FB16 /* Release */ = {
			isa = XCBuildConfiguration;
			buildSettings = {
				ALWAYS_SEARCH_USER_PATHS = NO;
				CLANG_ANALYZER_NONNULL = YES;
				CLANG_ANALYZER_NUMBER_OBJECT_CONVERSION = YES_AGGRESSIVE;
				CLANG_CXX_LANGUAGE_STANDARD = "gnu++14";
				CLANG_CXX_LIBRARY = "libc++";
				CLANG_ENABLE_MODULES = YES;
				CLANG_ENABLE_OBJC_ARC = YES;
				CLANG_ENABLE_OBJC_WEAK = YES;
				CLANG_WARN_BLOCK_CAPTURE_AUTORELEASING = YES;
				CLANG_WARN_BOOL_CONVERSION = YES;
				CLANG_WARN_COMMA = YES;
				CLANG_WARN_CONSTANT_CONVERSION = YES;
				CLANG_WARN_DEPRECATED_OBJC_IMPLEMENTATIONS = YES;
				CLANG_WARN_DIRECT_OBJC_ISA_USAGE = YES_ERROR;
				CLANG_WARN_DOCUMENTATION_COMMENTS = YES;
				CLANG_WARN_EMPTY_BODY = YES;
				CLANG_WARN_ENUM_CONVERSION = YES;
				CLANG_WARN_INFINITE_RECURSION = YES;
				CLANG_WARN_INT_CONVERSION = YES;
				CLANG_WARN_NON_LITERAL_NULL_CONVERSION = YES;
				CLANG_WARN_OBJC_IMPLICIT_RETAIN_SELF = YES;
				CLANG_WARN_OBJC_LITERAL_CONVERSION = YES;
				CLANG_WARN_OBJC_ROOT_CLASS = YES_ERROR;
				CLANG_WARN_QUOTED_INCLUDE_IN_FRAMEWORK_HEADER = YES;
				CLANG_WARN_RANGE_LOOP_ANALYSIS = YES;
				CLANG_WARN_STRICT_PROTOTYPES = YES;
				CLANG_WARN_SUSPICIOUS_MOVE = YES;
				CLANG_WARN_UNGUARDED_AVAILABILITY = YES_AGGRESSIVE;
				CLANG_WARN_UNREACHABLE_CODE = YES;
				CLANG_WARN__DUPLICATE_METHOD_MATCH = YES;
				COPY_PHASE_STRIP = NO;
				DEBUG_INFORMATION_FORMAT = "dwarf-with-dsym";
				ENABLE_NS_ASSERTIONS = NO;
				ENABLE_STRICT_OBJC_MSGSEND = YES;
				GCC_C_LANGUAGE_STANDARD = gnu11;
				GCC_NO_COMMON_BLOCKS = YES;
				GCC_WARN_64_TO_32_BIT_CONVERSION = YES;
				GCC_WARN_ABOUT_RETURN_TYPE = YES_ERROR;
				GCC_WARN_UNDECLARED_SELECTOR = YES;
				GCC_WARN_UNINITIALIZED_AUTOS = YES_AGGRESSIVE;
				GCC_WARN_UNUSED_FUNCTION = YES;
				GCC_WARN_UNUSED_VARIABLE = YES;
				IPHONEOS_DEPLOYMENT_TARGET = 14.1;
				MTL_ENABLE_DEBUG_INFO = NO;
				MTL_FAST_MATH = YES;
				SDKROOT = iphoneos;
				SWIFT_COMPILATION_MODE = wholemodule;
				SWIFT_OPTIMIZATION_LEVEL = "-O";
				VALIDATE_PRODUCT = YES;
			};
			name = Release;
		};
		A473C53F262EAE1B0030FB16 /* Debug */ = {
			isa = XCBuildConfiguration;
			buildSettings = {
				ASSETCATALOG_COMPILER_APPICON_NAME = AppIcon;
				ASSETCATALOG_COMPILER_GLOBAL_ACCENT_COLOR_NAME = AccentColor;
				CODE_SIGN_STYLE = Automatic;
				DEVELOPMENT_ASSET_PATHS = "\"yutubba/Preview Content\"";
				ENABLE_PREVIEWS = YES;
				INFOPLIST_FILE = yutubba/Info.plist;
				LD_RUNPATH_SEARCH_PATHS = (
					"$(inherited)",
					"@executable_path/Frameworks",
				);
				PRODUCT_BUNDLE_IDENTIFIER = com.yutubba;
				PRODUCT_NAME = "$(TARGET_NAME)";
				SWIFT_VERSION = 5.0;
				TARGETED_DEVICE_FAMILY = "1,2";
			};
			name = Debug;
		};
		A473C540262EAE1B0030FB16 /* Release */ = {
			isa = XCBuildConfiguration;
			buildSettings = {
				ASSETCATALOG_COMPILER_APPICON_NAME = AppIcon;
				ASSETCATALOG_COMPILER_GLOBAL_ACCENT_COLOR_NAME = AccentColor;
				CODE_SIGN_STYLE = Automatic;
				DEVELOPMENT_ASSET_PATHS = "\"yutubba/Preview Content\"";
				ENABLE_PREVIEWS = YES;
				INFOPLIST_FILE = yutubba/Info.plist;
				LD_RUNPATH_SEARCH_PATHS = (
					"$(inherited)",
					"@executable_path/Frameworks",
				);
				PRODUCT_BUNDLE_IDENTIFIER = com.yutubba;
				PRODUCT_NAME = "$(TARGET_NAME)";
				SWIFT_VERSION = 5.0;
				TARGETED_DEVICE_FAMILY = "1,2";
			};
			name = Release;
		};
/* End XCBuildConfiguration section */

/* Begin XCConfigurationList section */
		A473C525262EAE180030FB16 /* Build configuration list for PBXProject "yutubba" */ = {
			isa = XCConfigurationList;
			buildConfigurations = (
				A473C53C262EAE1B0030FB16 /* Debug */,
				A473C53D262EAE1B0030FB16 /* Release */,
			);
			defaultConfigurationIsVisible = 0;
			defaultConfigurationName = Release;
		};
		A473C53E262EAE1B0030FB16 /* Build configuration list for PBXNativeTarget "yutubba" */ = {
			isa = XCConfigurationList;
			buildConfigurations = (
				A473C53F262EAE1B0030FB16 /* Debug */,
				A473C540262EAE1B0030FB16 /* Release */,
			);
			defaultConfigurationIsVisible = 0;
			defaultConfigurationName = Release;
		};
/* End XCConfigurationList section */
	};
	rootObject = A473C522262EAE180030FB16 /* Project object */;
}
